// !$*UTF8*$!
{
	archiveVersion = 1;
	classes = {
	};
	objectVersion = 46;
	objects = {

/* Begin PBXBuildFile section */
		87165E5E1C23F5FC00102F10 /* AppDelegate.swift in Sources */ = {isa = PBXBuildFile; fileRef = 87165E5D1C23F5FC00102F10 /* AppDelegate.swift */; };
		87165E601C23F5FC00102F10 /* ViewController.swift in Sources */ = {isa = PBXBuildFile; fileRef = 87165E5F1C23F5FC00102F10 /* ViewController.swift */; };
		87165E631C23F5FC00102F10 /* Main.storyboard in Resources */ = {isa = PBXBuildFile; fileRef = 87165E611C23F5FC00102F10 /* Main.storyboard */; };
		87165E651C23F5FC00102F10 /* Assets.xcassets in Resources */ = {isa = PBXBuildFile; fileRef = 87165E641C23F5FC00102F10 /* Assets.xcassets */; };
		87165E681C23F5FC00102F10 /* LaunchScreen.storyboard in Resources */ = {isa = PBXBuildFile; fileRef = 87165E661C23F5FC00102F10 /* LaunchScreen.storyboard */; };
		87165E701C23F67700102F10 /* ALNDataSource.swift in Sources */ = {isa = PBXBuildFile; fileRef = 87165E6F1C23F67700102F10 /* ALNDataSource.swift */; };
		87165E721C24071F00102F10 /* ALNTableViewCell.swift in Sources */ = {isa = PBXBuildFile; fileRef = 87165E711C24071F00102F10 /* ALNTableViewCell.swift */; };
/* End PBXBuildFile section */

/* Begin PBXFileReference section */
		87165E5A1C23F5FC00102F10 /* tableViewDataSourceDemo.app */ = {isa = PBXFileReference; explicitFileType = wrapper.application; includeInIndex = 0; path = tableViewDataSourceDemo.app; sourceTree = BUILT_PRODUCTS_DIR; };
		87165E5D1C23F5FC00102F10 /* AppDelegate.swift */ = {isa = PBXFileReference; lastKnownFileType = sourcecode.swift; path = AppDelegate.swift; sourceTree = "<group>"; };
		87165E5F1C23F5FC00102F10 /* ViewController.swift */ = {isa = PBXFileReference; lastKnownFileType = sourcecode.swift; path = ViewController.swift; sourceTree = "<group>"; };
		87165E621C23F5FC00102F10 /* Base */ = {isa = PBXFileReference; lastKnownFileType = file.storyboard; name = Base; path = Base.lproj/Main.storyboard; sourceTree = "<group>"; };
		87165E641C23F5FC00102F10 /* Assets.xcassets */ = {isa = PBXFileReference; lastKnownFileType = folder.assetcatalog; path = Assets.xcassets; sourceTree = "<group>"; };
		87165E671C23F5FC00102F10 /* Base */ = {isa = PBXFileReference; lastKnownFileType = file.storyboard; name = Base; path = Base.lproj/LaunchScreen.storyboard; sourceTree = "<group>"; };
		87165E691C23F5FC00102F10 /* Info.plist */ = {isa = PBXFileReference; lastKnownFileType = text.plist.xml; path = Info.plist; sourceTree = "<group>"; };
		87165E6F1C23F67700102F10 /* ALNDataSource.swift */ = {isa = PBXFileReference; fileEncoding = 4; lastKnownFileType = sourcecode.swift; path = ALNDataSource.swift; sourceTree = "<group>"; };
		87165E711C24071F00102F10 /* ALNTableViewCell.swift */ = {isa = PBXFileReference; fileEncoding = 4; lastKnownFileType = sourcecode.swift; path = ALNTableViewCell.swift; sourceTree = "<group>"; };
/* End PBXFileReference section */

/* Begin PBXFrameworksBuildPhase section */
		87165E571C23F5FC00102F10 /* Frameworks */ = {
			isa = PBXFrameworksBuildPhase;
			buildActionMask = 2147483647;
			files = (
			);
			runOnlyForDeploymentPostprocessing = 0;
		};
/* End PBXFrameworksBuildPhase section */

/* Begin PBXGroup section */
		87165E511C23F5FC00102F10 = {
			isa = PBXGroup;
			children = (
				87165E5C1C23F5FC00102F10 /* tableViewDataSourceDemo */,
				87165E5B1C23F5FC00102F10 /* Products */,
			);
			sourceTree = "<group>";
		};
		87165E5B1C23F5FC00102F10 /* Products */ = {
			isa = PBXGroup;
			children = (
				87165E5A1C23F5FC00102F10 /* tableViewDataSourceDemo.app */,
			);
			name = Products;
			sourceTree = "<group>";
		};
		87165E5C1C23F5FC00102F10 /* tableViewDataSourceDemo */ = {
			isa = PBXGroup;
			children = (
				87165E5D1C23F5FC00102F10 /* AppDelegate.swift */,
				87165E5F1C23F5FC00102F10 /* ViewController.swift */,
				87165E6F1C23F67700102F10 /* ALNDataSource.swift */,
				87165E711C24071F00102F10 /* ALNTableViewCell.swift */,
				87165E611C23F5FC00102F10 /* Main.storyboard */,
				87165E641C23F5FC00102F10 /* Assets.xcassets */,
				87165E661C23F5FC00102F10 /* LaunchScreen.storyboard */,
				87165E691C23F5FC00102F10 /* Info.plist */,
			);
			path = tableViewDataSourceDemo;
			sourceTree = "<group>";
		};
/* End PBXGroup section */

/* Begin PBXNativeTarget section */
		87165E591C23F5FC00102F10 /* tableViewDataSourceDemo */ = {
			isa = PBXNativeTarget;
			buildConfigurationList = 87165E6C1C23F5FC00102F10 /* Build configuration list for PBXNativeTarget "tableViewDataSourceDemo" */;
			buildPhases = (
				87165E561C23F5FC00102F10 /* Sources */,
				87165E571C23F5FC00102F10 /* Frameworks */,
				87165E581C23F5FC00102F10 /* Resources */,
			);
			buildRules = (
			);
			dependencies = (
			);
			name = tableViewDataSourceDemo;
			productName = tableViewDataSourceDemo;
			productReference = 87165E5A1C23F5FC00102F10 /* tableViewDataSourceDemo.app */;
			productType = "com.apple.product-type.application";
		};
/* End PBXNativeTarget section */

/* Begin PBXProject section */
		87165E521C23F5FC00102F10 /* Project object */ = {
			isa = PBXProject;
			attributes = {
				LastSwiftUpdateCheck = 0720;
				LastUpgradeCheck = 0720;
				ORGANIZATIONNAME = MarcoLi;
				TargetAttributes = {
					87165E591C23F5FC00102F10 = {
						CreatedOnToolsVersion = 7.2;
					};
				};
			};
			buildConfigurationList = 87165E551C23F5FC00102F10 /* Build configuration list for PBXProject "tableViewDataSourceDemo" */;
			compatibilityVersion = "Xcode 3.2";
			developmentRegion = English;
			hasScannedForEncodings = 0;
			knownRegions = (
				en,
				Base,
			);
			mainGroup = 87165E511C23F5FC00102F10;
			productRefGroup = 87165E5B1C23F5FC00102F10 /* Products */;
			projectDirPath = "";
			projectRoot = "";
			targets = (
				87165E591C23F5FC00102F10 /* tableViewDataSourceDemo */,
			);
		};
/* End PBXProject section */

/* Begin PBXResourcesBuildPhase section */
		87165E581C23F5FC00102F10 /* Resources */ = {
			isa = PBXResourcesBuildPhase;
			buildActionMask = 2147483647;
			files = (
				87165E681C23F5FC00102F10 /* LaunchScreen.storyboard in Resources */,
				87165E651C23F5FC00102F10 /* Assets.xcassets in Resources */,
				87165E631C23F5FC00102F10 /* Main.storyboard in Resources */,
			);
			runOnlyForDeploymentPostprocessing = 0;
		};
/* End PBXResourcesBuildPhase section */

/* Begin PBXSourcesBuildPhase section */
		87165E561C23F5FC00102F10 /* Sources */ = {
			isa = PBXSourcesBuildPhase;
			buildActionMask = 2147483647;
			files = (
				87165E601C23F5FC00102F10 /* ViewController.swift in Sources */,
				87165E701C23F67700102F10 /* ALNDataSource.swift in Sources */,
				87165E5E1C23F5FC00102F10 /* AppDelegate.swift in Sources */,
				87165E721C24071F00102F10 /* ALNTableViewCell.swift in Sources */,
			);
			runOnlyForDeploymentPostprocessing = 0;
		};
/* End PBXSourcesBuildPhase section */

/* Begin PBXVariantGroup section */
		87165E611C23F5FC00102F10 /* Main.storyboard */ = {
			isa = PBXVariantGroup;
			children = (
				87165E621C23F5FC00102F10 /* Base */,
			);
			name = Main.storyboard;
			sourceTree = "<group>";
		};
		87165E661C23F5FC00102F10 /* LaunchScreen.storyboard */ = {
			isa = PBXVariantGroup;
			children = (
				87165E671C23F5FC00102F10 /* Base */,
			);
			name = LaunchScreen.storyboard;
			sourceTree = "<group>";
		};
/* End PBXVariantGroup section */

/* Begin XCBuildConfiguration section */
		87165E6A1C23F5FC00102F10 /* Debug */ = {
			isa = XCBuildConfiguration;
			buildSettings = {
				ALWAYS_SEARCH_USER_PATHS = NO;
				CLANG_CXX_LANGUAGE_STANDARD = "gnu++0x";
				CLANG_CXX_LIBRARY = "libc++";
				CLANG_ENABLE_MODULES = YES;
				CLANG_ENABLE_OBJC_ARC = YES;
				CLANG_WARN_BOOL_CONVERSION = YES;
				CLANG_WARN_CONSTANT_CONVERSION = YES;
				CLANG_WARN_DIRECT_OBJC_ISA_USAGE = YES_ERROR;
				CLANG_WARN_EMPTY_BODY = YES;
				CLANG_WARN_ENUM_CONVERSION = YES;
				CLANG_WARN_INT_CONVERSION = YES;
				CLANG_WARN_OBJC_ROOT_CLASS = YES_ERROR;
				CLANG_WARN_UNREACHABLE_CODE = YES;
				CLANG_WARN__DUPLICATE_METHOD_MATCH = YES;
				"CODE_SIGN_IDENTITY[sdk=iphoneos*]" = "iPhone Developer";
				COPY_PHASE_STRIP = NO;
				DEBUG_INFORMATION_FORMAT = dwarf;
				ENABLE_STRICT_OBJC_MSGSEND = YES;
				ENABLE_TESTABILITY = YES;
				GCC_C_LANGUAGE_STANDARD = gnu99;
				GCC_DYNAMIC_NO_PIC = NO;
				GCC_NO_COMMON_BLOCKS = YES;
				GCC_OPTIMIZATION_LEVEL = 0;
				GCC_PREPROCESSOR_DEFINITIONS = (
					"DEBUG=1",
					"$(inherited)",
				);
				GCC_WARN_64_TO_32_BIT_CONVERSION = YES;
				GCC_WARN_ABOUT_RETURN_TYPE = YES_ERROR;
				GCC_WARN_UNDECLARED_SELECTOR = YES;
				GCC_WARN_UNINITIALIZED_AUTOS = YES_AGGRESSIVE;
				GCC_WARN_UNUSED_FUNCTION = YES;
				GCC_WARN_UNUSED_VARIABLE = YES;
				IPHONEOS_DEPLOYMENT_TARGET = 9.2;
				MTL_ENABLE_DEBUG_INFO = YES;
				ONLY_ACTIVE_ARCH = YES;
				SDKROOT = iphoneos;
				SWIFT_OPTIMIZATION_LEVEL = "-Onone";
			};
			name = Debug;
		};
		87165E6B1C23F5FC00102F10 /* Release */ = {
			isa = XCBuildConfiguration;
			buildSettings = {
				ALWAYS_SEARCH_USER_PATHS = NO;
				CLANG_CXX_LANGUAGE_STANDARD = "gnu++0x";
				CLANG_CXX_LIBRARY = "libc++";
				CLANG_ENABLE_MODULES = YES;
				CLANG_ENABLE_OBJC_ARC = YES;
				CLANG_WARN_BOOL_CONVERSION = YES;
				CLANG_WARN_CONSTANT_CONVERSION = YES;
				CLANG_WARN_DIRECT_OBJC_ISA_USAGE = YES_ERROR;
				CLANG_WARN_EMPTY_BODY = YES;
				CLANG_WARN_ENUM_CONVERSION = YES;
				CLANG_WARN_INT_CONVERSION = YES;
				CLANG_WARN_OBJC_ROOT_CLASS = YES_ERROR;
				CLANG_WARN_UNREACHABLE_CODE = YES;
				CLANG_WARN__DUPLICATE_METHOD_MATCH = YES;
				"CODE_SIGN_IDENTITY[sdk=iphoneos*]" = "iPhone Developer";
				COPY_PHASE_STRIP = NO;
				DEBUG_INFORMATION_FORMAT = "dwarf-with-dsym";
				ENABLE_NS_ASSERTIONS = NO;
				ENABLE_STRICT_OBJC_MSGSEND = YES;
				GCC_C_LANGUAGE_STANDARD = gnu99;
				GCC_NO_COMMON_BLOCKS = YES;
				GCC_WARN_64_TO_32_BIT_CONVERSION = YES;
				GCC_WARN_ABOUT_RETURN_TYPE = YES_ERROR;
				GCC_WARN_UNDECLARED_SELECTOR = YES;
				GCC_WARN_UNINITIALIZED_AUTOS = YES_AGGRESSIVE;
				GCC_WARN_UNUSED_FUNCTION = YES;
				GCC_WARN_UNUSED_VARIABLE = YES;
				IPHONEOS_DEPLOYMENT_TARGET = 9.2;
				MTL_ENABLE_DEBUG_INFO = NO;
				SDKROOT = iphoneos;
				VALIDATE_PRODUCT = YES;
			};
			name = Release;
		};
		87165E6D1C23F5FC00102F10 /* Debug */ = {
			isa = XCBuildConfiguration;
			buildSettings = {
				ASSETCATALOG_COMPILER_APPICON_NAME = AppIcon;
				INFOPLIST_FILE = tableViewDataSourceDemo/Info.plist;
				LD_RUNPATH_SEARCH_PATHS = "$(inherited) @executable_path/Frameworks";
				PRODUCT_BUNDLE_IDENTIFIER = com.MarcoLi.tableViewDataSourceDemo;
				PRODUCT_NAME = "$(TARGET_NAME)";
			};
			name = Debug;
		};
		87165E6E1C23F5FC00102F10 /* Release */ = {
			isa = XCBuildConfiguration;
			buildSettings = {
				ASSETCATALOG_COMPILER_APPICON_NAME = AppIcon;
				INFOPLIST_FILE = tableViewDataSourceDemo/Info.plist;
				LD_RUNPATH_SEARCH_PATHS = "$(inherited) @executable_path/Frameworks";
				PRODUCT_BUNDLE_IDENTIFIER = com.MarcoLi.tableViewDataSourceDemo;
				PRODUCT_NAME = "$(TARGET_NAME)";
			};
			name = Release;
		};
/* End XCBuildConfiguration section */

/* Begin XCConfigurationList section */
		87165E551C23F5FC00102F10 /* Build configuration list for PBXProject "tableViewDataSourceDemo" */ = {
			isa = XCConfigurationList;
			buildConfigurations = (
				87165E6A1C23F5FC00102F10 /* Debug */,
				87165E6B1C23F5FC00102F10 /* Release */,
			);
			defaultConfigurationIsVisible = 0;
			defaultConfigurationName = Release;
		};
		87165E6C1C23F5FC00102F10 /* Build configuration list for PBXNativeTarget "tableViewDataSourceDemo" */ = {
			isa = XCConfigurationList;
			buildConfigurations = (
				87165E6D1C23F5FC00102F10 /* Debug */,
				87165E6E1C23F5FC00102F10 /* Release */,
			);
			defaultConfigurationIsVisible = 0;
		};
/* End XCConfigurationList section */
	};
	rootObject = 87165E521C23F5FC00102F10 /* Project object */;
}
